PODS:
  - AppsOnAir (0.1.0)
  - appsonair_flutter_sdk (0.1.0):
    - AppsOnAir
    - Flutter
  - Flutter (1.0.0)

DEPENDENCIES:
  - appsonair_flutter_sdk (from `.symlinks/plugins/appsonair_flutter_sdk/ios`)
  - Flutter (from `Flutter`)

SPEC REPOS:
  trunk:
    - AppsOnAir

EXTERNAL SOURCES:
  appsonair_flutter_sdk:
    :path: ".symlinks/plugins/appsonair_flutter_sdk/ios"
  Flutter:
    :path: Flutter

SPEC CHECKSUMS:
  AppsOnAir: a529f0ba6fccd86221cb04e5e05ec342974e450f
  appsonair_flutter_sdk: 6d857c5e25fc944534ab58a081280e71694b3893
  Flutter: f04841e97a9d0b0a8025694d0796dd46242b2854

PODFILE CHECKSUM: af3a4dc8fcad174575527d14704362c1877ff1f4

COCOAPODS: 1.11.3
